
Microsoft Visual Studio Solution File, Format Version 12.00
# Visual Studio Version 17
VisualStudioVersion = 17.0.31903.59
MinimumVisualStudioVersion = 10.0.40219.1
Project("{FAE04EC0-301F-11D3-BF4B-00C04F79EFBC}") = "GamingCorner.Data", "Data\GamingCorner.Data.csproj", "{714B90A7-F3D5-41F2-B2BB-C5F9856A27EA}"
EndProject
Project("{FAE04EC0-301F-11D3-BF4B-00C04F79EFBC}") = "GamingCorner.Business", "Business\GamingCorner.Business.csproj", "{22997FB8-2592-4A8C-AA29-CAC48FF68009}"
EndProject
Project("{FAE04EC0-301F-11D3-BF4B-00C04F79EFBC}") = "GamingCorner.API", "API\GamingCorner.API.csproj", "{D9117679-B15B-4363-9E01-353414976A2E}"
EndProject
Project("{FAE04EC0-301F-11D3-BF4B-00C04F79EFBC}") = "GamingCorner.Models", "Models\GamingCorner.Models.csproj", "{2BFEA2BC-7A62-4B20-80E1-C658C52F503B}"
EndProject
Global
	GlobalSection(SolutionConfigurationPlatforms) = preSolution
		Debug|Any CPU = Debug|Any CPU
		Release|Any CPU = Release|Any CPU
	EndGlobalSection
	GlobalSection(SolutionProperties) = preSolution
		HideSolutionNode = FALSE
	EndGlobalSection
	GlobalSection(ProjectConfigurationPlatforms) = postSolution
		{714B90A7-F3D5-41F2-B2BB-C5F9856A27EA}.Debug|Any CPU.ActiveCfg = Debug|Any CPU
		{714B90A7-F3D5-41F2-B2BB-C5F9856A27EA}.Debug|Any CPU.Build.0 = Debug|Any CPU
		{714B90A7-F3D5-41F2-B2BB-C5F9856A27EA}.Release|Any CPU.ActiveCfg = Release|Any CPU
		{714B90A7-F3D5-41F2-B2BB-C5F9856A27EA}.Release|Any CPU.Build.0 = Release|Any CPU
		{22997FB8-2592-4A8C-AA29-CAC48FF68009}.Debug|Any CPU.ActiveCfg = Debug|Any CPU
		{22997FB8-2592-4A8C-AA29-CAC48FF68009}.Debug|Any CPU.Build.0 = Debug|Any CPU
		{22997FB8-2592-4A8C-AA29-CAC48FF68009}.Release|Any CPU.ActiveCfg = Release|Any CPU
		{22997FB8-2592-4A8C-AA29-CAC48FF68009}.Release|Any CPU.Build.0 = Release|Any CPU
		{D9117679-B15B-4363-9E01-353414976A2E}.Debug|Any CPU.ActiveCfg = Debug|Any CPU
		{D9117679-B15B-4363-9E01-353414976A2E}.Debug|Any CPU.Build.0 = Debug|Any CPU
		{D9117679-B15B-4363-9E01-353414976A2E}.Release|Any CPU.ActiveCfg = Release|Any CPU
		{D9117679-B15B-4363-9E01-353414976A2E}.Release|Any CPU.Build.0 = Release|Any CPU
		{2BFEA2BC-7A62-4B20-80E1-C658C52F503B}.Debug|Any CPU.ActiveCfg = Debug|Any CPU
		{2BFEA2BC-7A62-4B20-80E1-C658C52F503B}.Debug|Any CPU.Build.0 = Debug|Any CPU
		{2BFEA2BC-7A62-4B20-80E1-C658C52F503B}.Release|Any CPU.ActiveCfg = Release|Any CPU
		{2BFEA2BC-7A62-4B20-80E1-C658C52F503B}.Release|Any CPU.Build.0 = Release|Any CPU
	EndGlobalSection
EndGlobal
